// !$*UTF8*$!
{
	archiveVersion = 1;
	classes = {
	};
	objectVersion = 56;
	objects = {

/* Begin PBXBuildFile section */
		FC01025C2A0A03CF0065F710 /* AppDelegate.swift in Sources */ = {isa = PBXBuildFile; fileRef = FC01025B2A0A03CF0065F710 /* AppDelegate.swift */; };
		FC01025E2A0A03CF0065F710 /* SceneDelegate.swift in Sources */ = {isa = PBXBuildFile; fileRef = FC01025D2A0A03CF0065F710 /* SceneDelegate.swift */; };
		FC0102602A0A03CF0065F710 /* ViewController.swift in Sources */ = {isa = PBXBuildFile; fileRef = FC01025F2A0A03CF0065F710 /* ViewController.swift */; };
		FC0102632A0A03CF0065F710 /* Main.storyboard in Resources */ = {isa = PBXBuildFile; fileRef = FC0102612A0A03CF0065F710 /* Main.storyboard */; };
		FC0102652A0A03D00065F710 /* Assets.xcassets in Resources */ = {isa = PBXBuildFile; fileRef = FC0102642A0A03D00065F710 /* Assets.xcassets */; };
		FC0102682A0A03D00065F710 /* LaunchScreen.storyboard in Resources */ = {isa = PBXBuildFile; fileRef = FC0102662A0A03D00065F710 /* LaunchScreen.storyboard */; };
		FC0102732A0A03D10065F710 /* TestTests.swift in Sources */ = {isa = PBXBuildFile; fileRef = FC0102722A0A03D10065F710 /* TestTests.swift */; };
		FC01027D2A0A03D10065F710 /* TestUITests.swift in Sources */ = {isa = PBXBuildFile; fileRef = FC01027C2A0A03D10065F710 /* TestUITests.swift */; };
		FC01027F2A0A03D10065F710 /* TestUITestsLaunchTests.swift in Sources */ = {isa = PBXBuildFile; fileRef = FC01027E2A0A03D10065F710 /* TestUITestsLaunchTests.swift */; };
		FC01028C2A0A04BB0065F710 /* NetworkManager.swift in Sources */ = {isa = PBXBuildFile; fileRef = FC01028B2A0A04BB0065F710 /* NetworkManager.swift */; };
		FC0102902A0A0AC50065F710 /* BusinessModel.swift in Sources */ = {isa = PBXBuildFile; fileRef = FC01028F2A0A0AC50065F710 /* BusinessModel.swift */; };
		FC0102922A0A0FAC0065F710 /* URLManager.swift in Sources */ = {isa = PBXBuildFile; fileRef = FC0102912A0A0FAC0065F710 /* URLManager.swift */; };
		FC0102952A0A1AF00065F710 /* BusinessTableViewCell.swift in Sources */ = {isa = PBXBuildFile; fileRef = FC0102932A0A1AF00065F710 /* BusinessTableViewCell.swift */; };
		FC0102962A0A1AF00065F710 /* BusinessTableViewCell.xib in Resources */ = {isa = PBXBuildFile; fileRef = FC0102942A0A1AF00065F710 /* BusinessTableViewCell.xib */; };
		FC01029A2A0A278C0065F710 /* UIViewExtension.swift in Sources */ = {isa = PBXBuildFile; fileRef = FC0102992A0A278C0065F710 /* UIViewExtension.swift */; };
		FC0102A52A0A3B760065F710 /* FilterCollectionViewCell.swift in Sources */ = {isa = PBXBuildFile; fileRef = FC0102A32A0A3B760065F710 /* FilterCollectionViewCell.swift */; };
		FC0102A62A0A3B760065F710 /* FilterCollectionViewCell.xib in Resources */ = {isa = PBXBuildFile; fileRef = FC0102A42A0A3B760065F710 /* FilterCollectionViewCell.xib */; };
		FC0102A82A0A3BD50065F710 /* FilterEnum.swift in Sources */ = {isa = PBXBuildFile; fileRef = FC0102A72A0A3BD50065F710 /* FilterEnum.swift */; };
		FC0102AB2A0AA3770065F710 /* DetailViewController.swift in Sources */ = {isa = PBXBuildFile; fileRef = FC0102A92A0AA3770065F710 /* DetailViewController.swift */; };
		FC0102AC2A0AA3770065F710 /* DetailViewController.xib in Resources */ = {isa = PBXBuildFile; fileRef = FC0102AA2A0AA3770065F710 /* DetailViewController.xib */; };
		FC0102B32A0AA85F0065F710 /* ImageCollectionViewCell.swift in Sources */ = {isa = PBXBuildFile; fileRef = FC0102B12A0AA85F0065F710 /* ImageCollectionViewCell.swift */; };
		FC0102B42A0AA85F0065F710 /* ImageCollectionViewCell.xib in Resources */ = {isa = PBXBuildFile; fileRef = FC0102B22A0AA85F0065F710 /* ImageCollectionViewCell.xib */; };
		FC0102BD2A0B0DA70065F710 /* RatingCollectionViewCell.swift in Sources */ = {isa = PBXBuildFile; fileRef = FC0102BB2A0B0DA70065F710 /* RatingCollectionViewCell.swift */; };
		FC0102BE2A0B0DA70065F710 /* RatingCollectionViewCell.xib in Resources */ = {isa = PBXBuildFile; fileRef = FC0102BC2A0B0DA70065F710 /* RatingCollectionViewCell.xib */; };
		FC0102C02A0B12F20065F710 /* UIImageViewExtension.swift in Sources */ = {isa = PBXBuildFile; fileRef = FC0102BF2A0B12F20065F710 /* UIImageViewExtension.swift */; };
		FC0102C42A0B247F0065F710 /* CacheManager.swift in Sources */ = {isa = PBXBuildFile; fileRef = FC0102C32A0B247E0065F710 /* CacheManager.swift */; };
/* End PBXBuildFile section */

/* Begin PBXContainerItemProxy section */
		FC01026F2A0A03D10065F710 /* PBXContainerItemProxy */ = {
			isa = PBXContainerItemProxy;
			containerPortal = FC0102502A0A03CF0065F710 /* Project object */;
			proxyType = 1;
			remoteGlobalIDString = FC0102572A0A03CF0065F710;
			remoteInfo = Test;
		};
		FC0102792A0A03D10065F710 /* PBXContainerItemProxy */ = {
			isa = PBXContainerItemProxy;
			containerPortal = FC0102502A0A03CF0065F710 /* Project object */;
			proxyType = 1;
			remoteGlobalIDString = FC0102572A0A03CF0065F710;
			remoteInfo = Test;
		};
/* End PBXContainerItemProxy section */

/* Begin PBXFileReference section */
		FC0102582A0A03CF0065F710 /* Test.app */ = {isa = PBXFileReference; explicitFileType = wrapper.application; includeInIndex = 0; path = Test.app; sourceTree = BUILT_PRODUCTS_DIR; };
		FC01025B2A0A03CF0065F710 /* AppDelegate.swift */ = {isa = PBXFileReference; lastKnownFileType = sourcecode.swift; path = AppDelegate.swift; sourceTree = "<group>"; };
		FC01025D2A0A03CF0065F710 /* SceneDelegate.swift */ = {isa = PBXFileReference; lastKnownFileType = sourcecode.swift; path = SceneDelegate.swift; sourceTree = "<group>"; };
		FC01025F2A0A03CF0065F710 /* ViewController.swift */ = {isa = PBXFileReference; lastKnownFileType = sourcecode.swift; path = ViewController.swift; sourceTree = "<group>"; };
		FC0102622A0A03CF0065F710 /* Base */ = {isa = PBXFileReference; lastKnownFileType = file.storyboard; name = Base; path = Base.lproj/Main.storyboard; sourceTree = "<group>"; };
		FC0102642A0A03D00065F710 /* Assets.xcassets */ = {isa = PBXFileReference; lastKnownFileType = folder.assetcatalog; path = Assets.xcassets; sourceTree = "<group>"; };
		FC0102672A0A03D00065F710 /* Base */ = {isa = PBXFileReference; lastKnownFileType = file.storyboard; name = Base; path = Base.lproj/LaunchScreen.storyboard; sourceTree = "<group>"; };
		FC0102692A0A03D00065F710 /* Info.plist */ = {isa = PBXFileReference; lastKnownFileType = text.plist.xml; path = Info.plist; sourceTree = "<group>"; };
		FC01026E2A0A03D10065F710 /* TestTests.xctest */ = {isa = PBXFileReference; explicitFileType = wrapper.cfbundle; includeInIndex = 0; path = TestTests.xctest; sourceTree = BUILT_PRODUCTS_DIR; };
		FC0102722A0A03D10065F710 /* TestTests.swift */ = {isa = PBXFileReference; lastKnownFileType = sourcecode.swift; path = TestTests.swift; sourceTree = "<group>"; };
		FC0102782A0A03D10065F710 /* TestUITests.xctest */ = {isa = PBXFileReference; explicitFileType = wrapper.cfbundle; includeInIndex = 0; path = TestUITests.xctest; sourceTree = BUILT_PRODUCTS_DIR; };
		FC01027C2A0A03D10065F710 /* TestUITests.swift */ = {isa = PBXFileReference; lastKnownFileType = sourcecode.swift; path = TestUITests.swift; sourceTree = "<group>"; };
		FC01027E2A0A03D10065F710 /* TestUITestsLaunchTests.swift */ = {isa = PBXFileReference; lastKnownFileType = sourcecode.swift; path = TestUITestsLaunchTests.swift; sourceTree = "<group>"; };
		FC01028B2A0A04BB0065F710 /* NetworkManager.swift */ = {isa = PBXFileReference; lastKnownFileType = sourcecode.swift; path = NetworkManager.swift; sourceTree = "<group>"; };
		FC01028F2A0A0AC50065F710 /* BusinessModel.swift */ = {isa = PBXFileReference; lastKnownFileType = sourcecode.swift; path = BusinessModel.swift; sourceTree = "<group>"; };
		FC0102912A0A0FAC0065F710 /* URLManager.swift */ = {isa = PBXFileReference; lastKnownFileType = sourcecode.swift; path = URLManager.swift; sourceTree = "<group>"; };
		FC0102932A0A1AF00065F710 /* BusinessTableViewCell.swift */ = {isa = PBXFileReference; lastKnownFileType = sourcecode.swift; path = BusinessTableViewCell.swift; sourceTree = "<group>"; };
		FC0102942A0A1AF00065F710 /* BusinessTableViewCell.xib */ = {isa = PBXFileReference; lastKnownFileType = file.xib; path = BusinessTableViewCell.xib; sourceTree = "<group>"; };
		FC0102992A0A278C0065F710 /* UIViewExtension.swift */ = {isa = PBXFileReference; lastKnownFileType = sourcecode.swift; path = UIViewExtension.swift; sourceTree = "<group>"; };
		FC0102A32A0A3B760065F710 /* FilterCollectionViewCell.swift */ = {isa = PBXFileReference; lastKnownFileType = sourcecode.swift; path = FilterCollectionViewCell.swift; sourceTree = "<group>"; };
		FC0102A42A0A3B760065F710 /* FilterCollectionViewCell.xib */ = {isa = PBXFileReference; lastKnownFileType = file.xib; path = FilterCollectionViewCell.xib; sourceTree = "<group>"; };
		FC0102A72A0A3BD50065F710 /* FilterEnum.swift */ = {isa = PBXFileReference; lastKnownFileType = sourcecode.swift; path = FilterEnum.swift; sourceTree = "<group>"; };
		FC0102A92A0AA3770065F710 /* DetailViewController.swift */ = {isa = PBXFileReference; lastKnownFileType = sourcecode.swift; path = DetailViewController.swift; sourceTree = "<group>"; };
		FC0102AA2A0AA3770065F710 /* DetailViewController.xib */ = {isa = PBXFileReference; lastKnownFileType = file.xib; path = DetailViewController.xib; sourceTree = "<group>"; };
		FC0102B12A0AA85F0065F710 /* ImageCollectionViewCell.swift */ = {isa = PBXFileReference; lastKnownFileType = sourcecode.swift; path = ImageCollectionViewCell.swift; sourceTree = "<group>"; };
		FC0102B22A0AA85F0065F710 /* ImageCollectionViewCell.xib */ = {isa = PBXFileReference; lastKnownFileType = file.xib; path = ImageCollectionViewCell.xib; sourceTree = "<group>"; };
		FC0102BB2A0B0DA70065F710 /* RatingCollectionViewCell.swift */ = {isa = PBXFileReference; lastKnownFileType = sourcecode.swift; path = RatingCollectionViewCell.swift; sourceTree = "<group>"; };
		FC0102BC2A0B0DA70065F710 /* RatingCollectionViewCell.xib */ = {isa = PBXFileReference; lastKnownFileType = file.xib; path = RatingCollectionViewCell.xib; sourceTree = "<group>"; };
		FC0102BF2A0B12F20065F710 /* UIImageViewExtension.swift */ = {isa = PBXFileReference; lastKnownFileType = sourcecode.swift; path = UIImageViewExtension.swift; sourceTree = "<group>"; };
		FC0102C32A0B247E0065F710 /* CacheManager.swift */ = {isa = PBXFileReference; lastKnownFileType = sourcecode.swift; path = CacheManager.swift; sourceTree = "<group>"; };
/* End PBXFileReference section */

/* Begin PBXFrameworksBuildPhase section */
		FC0102552A0A03CF0065F710 /* Frameworks */ = {
			isa = PBXFrameworksBuildPhase;
			buildActionMask = 2147483647;
			files = (
			);
			runOnlyForDeploymentPostprocessing = 0;
		};
		FC01026B2A0A03D10065F710 /* Frameworks */ = {
			isa = PBXFrameworksBuildPhase;
			buildActionMask = 2147483647;
			files = (
			);
			runOnlyForDeploymentPostprocessing = 0;
		};
		FC0102752A0A03D10065F710 /* Frameworks */ = {
			isa = PBXFrameworksBuildPhase;
			buildActionMask = 2147483647;
			files = (
			);
			runOnlyForDeploymentPostprocessing = 0;
		};
/* End PBXFrameworksBuildPhase section */

/* Begin PBXGroup section */
		FC01024F2A0A03CF0065F710 = {
			isa = PBXGroup;
			children = (
				FC01025A2A0A03CF0065F710 /* Test */,
				FC0102712A0A03D10065F710 /* TestTests */,
				FC01027B2A0A03D10065F710 /* TestUITests */,
				FC0102592A0A03CF0065F710 /* Products */,
			);
			sourceTree = "<group>";
		};
		FC0102592A0A03CF0065F710 /* Products */ = {
			isa = PBXGroup;
			children = (
				FC0102582A0A03CF0065F710 /* Test.app */,
				FC01026E2A0A03D10065F710 /* TestTests.xctest */,
				FC0102782A0A03D10065F710 /* TestUITests.xctest */,
			);
			name = Products;
			sourceTree = "<group>";
		};
		FC01025A2A0A03CF0065F710 /* Test */ = {
			isa = PBXGroup;
			children = (
				FC01025B2A0A03CF0065F710 /* AppDelegate.swift */,
				FC01025D2A0A03CF0065F710 /* SceneDelegate.swift */,
				FC01025F2A0A03CF0065F710 /* ViewController.swift */,
				FC0102A32A0A3B760065F710 /* FilterCollectionViewCell.swift */,
				FC0102A72A0A3BD50065F710 /* FilterEnum.swift */,
				FC0102A92A0AA3770065F710 /* DetailViewController.swift */,
				FC0102BB2A0B0DA70065F710 /* RatingCollectionViewCell.swift */,
				FC0102BC2A0B0DA70065F710 /* RatingCollectionViewCell.xib */,
				FC0102BF2A0B12F20065F710 /* UIImageViewExtension.swift */,
				FC0102AA2A0AA3770065F710 /* DetailViewController.xib */,
				FC0102A42A0A3B760065F710 /* FilterCollectionViewCell.xib */,
				FC0102932A0A1AF00065F710 /* BusinessTableViewCell.swift */,
				FC0102992A0A278C0065F710 /* UIViewExtension.swift */,
				FC0102942A0A1AF00065F710 /* BusinessTableViewCell.xib */,
				FC01028B2A0A04BB0065F710 /* NetworkManager.swift */,
				FC01028F2A0A0AC50065F710 /* BusinessModel.swift */,
				FC0102912A0A0FAC0065F710 /* URLManager.swift */,
				FC0102612A0A03CF0065F710 /* Main.storyboard */,
				FC0102642A0A03D00065F710 /* Assets.xcassets */,
				FC0102662A0A03D00065F710 /* LaunchScreen.storyboard */,
				FC0102692A0A03D00065F710 /* Info.plist */,
				FC0102B12A0AA85F0065F710 /* ImageCollectionViewCell.swift */,
				FC0102B22A0AA85F0065F710 /* ImageCollectionViewCell.xib */,
				FC0102C32A0B247E0065F710 /* CacheManager.swift */,
			);
			path = Test;
			sourceTree = "<group>";
		};
		FC0102712A0A03D10065F710 /* TestTests */ = {
			isa = PBXGroup;
			children = (
				FC0102722A0A03D10065F710 /* TestTests.swift */,
			);
			path = TestTests;
			sourceTree = "<group>";
		};
		FC01027B2A0A03D10065F710 /* TestUITests */ = {
			isa = PBXGroup;
			children = (
				FC01027C2A0A03D10065F710 /* TestUITests.swift */,
				FC01027E2A0A03D10065F710 /* TestUITestsLaunchTests.swift */,
			);
			path = TestUITests;
			sourceTree = "<group>";
		};
/* End PBXGroup section */

/* Begin PBXNativeTarget section */
		FC0102572A0A03CF0065F710 /* Test */ = {
			isa = PBXNativeTarget;
			buildConfigurationList = FC0102822A0A03D10065F710 /* Build configuration list for PBXNativeTarget "Test" */;
			buildPhases = (
				FC0102542A0A03CF0065F710 /* Sources */,
				FC0102552A0A03CF0065F710 /* Frameworks */,
				FC0102562A0A03CF0065F710 /* Resources */,
			);
			buildRules = (
			);
			dependencies = (
			);
			name = Test;
			productName = Test;
			productReference = FC0102582A0A03CF0065F710 /* Test.app */;
			productType = "com.apple.product-type.application";
		};
		FC01026D2A0A03D10065F710 /* TestTests */ = {
			isa = PBXNativeTarget;
			buildConfigurationList = FC0102852A0A03D10065F710 /* Build configuration list for PBXNativeTarget "TestTests" */;
			buildPhases = (
				FC01026A2A0A03D10065F710 /* Sources */,
				FC01026B2A0A03D10065F710 /* Frameworks */,
				FC01026C2A0A03D10065F710 /* Resources */,
			);
			buildRules = (
			);
			dependencies = (
				FC0102702A0A03D10065F710 /* PBXTargetDependency */,
			);
			name = TestTests;
			productName = TestTests;
			productReference = FC01026E2A0A03D10065F710 /* TestTests.xctest */;
			productType = "com.apple.product-type.bundle.unit-test";
		};
		FC0102772A0A03D10065F710 /* TestUITests */ = {
			isa = PBXNativeTarget;
			buildConfigurationList = FC0102882A0A03D10065F710 /* Build configuration list for PBXNativeTarget "TestUITests" */;
			buildPhases = (
				FC0102742A0A03D10065F710 /* Sources */,
				FC0102752A0A03D10065F710 /* Frameworks */,
				FC0102762A0A03D10065F710 /* Resources */,
			);
			buildRules = (
			);
			dependencies = (
				FC01027A2A0A03D10065F710 /* PBXTargetDependency */,
			);
			name = TestUITests;
			productName = TestUITests;
			productReference = FC0102782A0A03D10065F710 /* TestUITests.xctest */;
			productType = "com.apple.product-type.bundle.ui-testing";
		};
/* End PBXNativeTarget section */

/* Begin PBXProject section */
		FC0102502A0A03CF0065F710 /* Project object */ = {
			isa = PBXProject;
			attributes = {
				BuildIndependentTargetsInParallel = 1;
				LastSwiftUpdateCheck = 1430;
				LastUpgradeCheck = 1430;
				TargetAttributes = {
					FC0102572A0A03CF0065F710 = {
						CreatedOnToolsVersion = 14.3;
					};
					FC01026D2A0A03D10065F710 = {
						CreatedOnToolsVersion = 14.3;
						TestTargetID = FC0102572A0A03CF0065F710;
					};
					FC0102772A0A03D10065F710 = {
						CreatedOnToolsVersion = 14.3;
						TestTargetID = FC0102572A0A03CF0065F710;
					};
				};
			};
			buildConfigurationList = FC0102532A0A03CF0065F710 /* Build configuration list for PBXProject "Test" */;
			compatibilityVersion = "Xcode 14.0";
			developmentRegion = en;
			hasScannedForEncodings = 0;
			knownRegions = (
				en,
				Base,
			);
			mainGroup = FC01024F2A0A03CF0065F710;
			productRefGroup = FC0102592A0A03CF0065F710 /* Products */;
			projectDirPath = "";
			projectRoot = "";
			targets = (
				FC0102572A0A03CF0065F710 /* Test */,
				FC01026D2A0A03D10065F710 /* TestTests */,
				FC0102772A0A03D10065F710 /* TestUITests */,
			);
		};
/* End PBXProject section */

/* Begin PBXResourcesBuildPhase section */
		FC0102562A0A03CF0065F710 /* Resources */ = {
			isa = PBXResourcesBuildPhase;
			buildActionMask = 2147483647;
			files = (
				FC0102682A0A03D00065F710 /* LaunchScreen.storyboard in Resources */,
				FC0102BE2A0B0DA70065F710 /* RatingCollectionViewCell.xib in Resources */,
				FC0102AC2A0AA3770065F710 /* DetailViewController.xib in Resources */,
				FC0102A62A0A3B760065F710 /* FilterCollectionViewCell.xib in Resources */,
				FC0102B42A0AA85F0065F710 /* ImageCollectionViewCell.xib in Resources */,
				FC0102962A0A1AF00065F710 /* BusinessTableViewCell.xib in Resources */,
				FC0102652A0A03D00065F710 /* Assets.xcassets in Resources */,
				FC0102632A0A03CF0065F710 /* Main.storyboard in Resources */,
			);
			runOnlyForDeploymentPostprocessing = 0;
		};
		FC01026C2A0A03D10065F710 /* Resources */ = {
			isa = PBXResourcesBuildPhase;
			buildActionMask = 2147483647;
			files = (
			);
			runOnlyForDeploymentPostprocessing = 0;
		};
		FC0102762A0A03D10065F710 /* Resources */ = {
			isa = PBXResourcesBuildPhase;
			buildActionMask = 2147483647;
			files = (
			);
			runOnlyForDeploymentPostprocessing = 0;
		};
/* End PBXResourcesBuildPhase section */

/* Begin PBXSourcesBuildPhase section */
		FC0102542A0A03CF0065F710 /* Sources */ = {
			isa = PBXSourcesBuildPhase;
			buildActionMask = 2147483647;
			files = (
				FC0102AB2A0AA3770065F710 /* DetailViewController.swift in Sources */,
				FC0102C42A0B247F0065F710 /* CacheManager.swift in Sources */,
				FC0102902A0A0AC50065F710 /* BusinessModel.swift in Sources */,
				FC0102BD2A0B0DA70065F710 /* RatingCollectionViewCell.swift in Sources */,
				FC0102A52A0A3B760065F710 /* FilterCollectionViewCell.swift in Sources */,
				FC0102952A0A1AF00065F710 /* BusinessTableViewCell.swift in Sources */,
				FC01028C2A0A04BB0065F710 /* NetworkManager.swift in Sources */,
				FC0102602A0A03CF0065F710 /* ViewController.swift in Sources */,
				FC0102B32A0AA85F0065F710 /* ImageCollectionViewCell.swift in Sources */,
				FC0102C02A0B12F20065F710 /* UIImageViewExtension.swift in Sources */,
				FC01025C2A0A03CF0065F710 /* AppDelegate.swift in Sources */,
				FC0102A82A0A3BD50065F710 /* FilterEnum.swift in Sources */,
				FC01025E2A0A03CF0065F710 /* SceneDelegate.swift in Sources */,
				FC01029A2A0A278C0065F710 /* UIViewExtension.swift in Sources */,
				FC0102922A0A0FAC0065F710 /* URLManager.swift in Sources */,
			);
			runOnlyForDeploymentPostprocessing = 0;
		};
		FC01026A2A0A03D10065F710 /* Sources */ = {
			isa = PBXSourcesBuildPhase;
			buildActionMask = 2147483647;
			files = (
				FC0102732A0A03D10065F710 /* TestTests.swift in Sources */,
			);
			runOnlyForDeploymentPostprocessing = 0;
		};
		FC0102742A0A03D10065F710 /* Sources */ = {
			isa = PBXSourcesBuildPhase;
			buildActionMask = 2147483647;
			files = (
				FC01027F2A0A03D10065F710 /* TestUITestsLaunchTests.swift in Sources */,
				FC01027D2A0A03D10065F710 /* TestUITests.swift in Sources */,
			);
			runOnlyForDeploymentPostprocessing = 0;
		};
/* End PBXSourcesBuildPhase section */

/* Begin PBXTargetDependency section */
		FC0102702A0A03D10065F710 /* PBXTargetDependency */ = {
			isa = PBXTargetDependency;
			target = FC0102572A0A03CF0065F710 /* Test */;
			targetProxy = FC01026F2A0A03D10065F710 /* PBXContainerItemProxy */;
		};
		FC01027A2A0A03D10065F710 /* PBXTargetDependency */ = {
			isa = PBXTargetDependency;
			target = FC0102572A0A03CF0065F710 /* Test */;
			targetProxy = FC0102792A0A03D10065F710 /* PBXContainerItemProxy */;
		};
/* End PBXTargetDependency section */

/* Begin PBXVariantGroup section */
		FC0102612A0A03CF0065F710 /* Main.storyboard */ = {
			isa = PBXVariantGroup;
			children = (
				FC0102622A0A03CF0065F710 /* Base */,
			);
			name = Main.storyboard;
			sourceTree = "<group>";
		};
		FC0102662A0A03D00065F710 /* LaunchScreen.storyboard */ = {
			isa = PBXVariantGroup;
			children = (
				FC0102672A0A03D00065F710 /* Base */,
			);
			name = LaunchScreen.storyboard;
			sourceTree = "<group>";
		};
/* End PBXVariantGroup section */

/* Begin XCBuildConfiguration section */
		FC0102802A0A03D10065F710 /* Debug */ = {
			isa = XCBuildConfiguration;
			buildSettings = {
				ALWAYS_SEARCH_USER_PATHS = NO;
				CLANG_ANALYZER_NONNULL = YES;
				CLANG_ANALYZER_NUMBER_OBJECT_CONVERSION = YES_AGGRESSIVE;
				CLANG_CXX_LANGUAGE_STANDARD = "gnu++20";
				CLANG_ENABLE_MODULES = YES;
				CLANG_ENABLE_OBJC_ARC = YES;
				CLANG_ENABLE_OBJC_WEAK = YES;
				CLANG_WARN_BLOCK_CAPTURE_AUTORELEASING = YES;
				CLANG_WARN_BOOL_CONVERSION = YES;
				CLANG_WARN_COMMA = YES;
				CLANG_WARN_CONSTANT_CONVERSION = YES;
				CLANG_WARN_DEPRECATED_OBJC_IMPLEMENTATIONS = YES;
				CLANG_WARN_DIRECT_OBJC_ISA_USAGE = YES_ERROR;
				CLANG_WARN_DOCUMENTATION_COMMENTS = YES;
				CLANG_WARN_EMPTY_BODY = YES;
				CLANG_WARN_ENUM_CONVERSION = YES;
				CLANG_WARN_INFINITE_RECURSION = YES;
				CLANG_WARN_INT_CONVERSION = YES;
				CLANG_WARN_NON_LITERAL_NULL_CONVERSION = YES;
				CLANG_WARN_OBJC_IMPLICIT_RETAIN_SELF = YES;
				CLANG_WARN_OBJC_LITERAL_CONVERSION = YES;
				CLANG_WARN_OBJC_ROOT_CLASS = YES_ERROR;
				CLANG_WARN_QUOTED_INCLUDE_IN_FRAMEWORK_HEADER = YES;
				CLANG_WARN_RANGE_LOOP_ANALYSIS = YES;
				CLANG_WARN_STRICT_PROTOTYPES = YES;
				CLANG_WARN_SUSPICIOUS_MOVE = YES;
				CLANG_WARN_UNGUARDED_AVAILABILITY = YES_AGGRESSIVE;
				CLANG_WARN_UNREACHABLE_CODE = YES;
				CLANG_WARN__DUPLICATE_METHOD_MATCH = YES;
				COPY_PHASE_STRIP = NO;
				DEBUG_INFORMATION_FORMAT = dwarf;
				ENABLE_STRICT_OBJC_MSGSEND = YES;
				ENABLE_TESTABILITY = YES;
				GCC_C_LANGUAGE_STANDARD = gnu11;
				GCC_DYNAMIC_NO_PIC = NO;
				GCC_NO_COMMON_BLOCKS = YES;
				GCC_OPTIMIZATION_LEVEL = 0;
				GCC_PREPROCESSOR_DEFINITIONS = (
					"DEBUG=1",
					"$(inherited)",
				);
				GCC_WARN_64_TO_32_BIT_CONVERSION = YES;
				GCC_WARN_ABOUT_RETURN_TYPE = YES_ERROR;
				GCC_WARN_UNDECLARED_SELECTOR = YES;
				GCC_WARN_UNINITIALIZED_AUTOS = YES_AGGRESSIVE;
				GCC_WARN_UNUSED_FUNCTION = YES;
				GCC_WARN_UNUSED_VARIABLE = YES;
				IPHONEOS_DEPLOYMENT_TARGET = 16.4;
				MTL_ENABLE_DEBUG_INFO = INCLUDE_SOURCE;
				MTL_FAST_MATH = YES;
				ONLY_ACTIVE_ARCH = YES;
				SDKROOT = iphoneos;
				SWIFT_ACTIVE_COMPILATION_CONDITIONS = DEBUG;
				SWIFT_OPTIMIZATION_LEVEL = "-Onone";
			};
			name = Debug;
		};
		FC0102812A0A03D10065F710 /* Release */ = {
			isa = XCBuildConfiguration;
			buildSettings = {
				ALWAYS_SEARCH_USER_PATHS = NO;
				CLANG_ANALYZER_NONNULL = YES;
				CLANG_ANALYZER_NUMBER_OBJECT_CONVERSION = YES_AGGRESSIVE;
				CLANG_CXX_LANGUAGE_STANDARD = "gnu++20";
				CLANG_ENABLE_MODULES = YES;
				CLANG_ENABLE_OBJC_ARC = YES;
				CLANG_ENABLE_OBJC_WEAK = YES;
				CLANG_WARN_BLOCK_CAPTURE_AUTORELEASING = YES;
				CLANG_WARN_BOOL_CONVERSION = YES;
				CLANG_WARN_COMMA = YES;
				CLANG_WARN_CONSTANT_CONVERSION = YES;
				CLANG_WARN_DEPRECATED_OBJC_IMPLEMENTATIONS = YES;
				CLANG_WARN_DIRECT_OBJC_ISA_USAGE = YES_ERROR;
				CLANG_WARN_DOCUMENTATION_COMMENTS = YES;
				CLANG_WARN_EMPTY_BODY = YES;
				CLANG_WARN_ENUM_CONVERSION = YES;
				CLANG_WARN_INFINITE_RECURSION = YES;
				CLANG_WARN_INT_CONVERSION = YES;
				CLANG_WARN_NON_LITERAL_NULL_CONVERSION = YES;
				CLANG_WARN_OBJC_IMPLICIT_RETAIN_SELF = YES;
				CLANG_WARN_OBJC_LITERAL_CONVERSION = YES;
				CLANG_WARN_OBJC_ROOT_CLASS = YES_ERROR;
				CLANG_WARN_QUOTED_INCLUDE_IN_FRAMEWORK_HEADER = YES;
				CLANG_WARN_RANGE_LOOP_ANALYSIS = YES;
				CLANG_WARN_STRICT_PROTOTYPES = YES;
				CLANG_WARN_SUSPICIOUS_MOVE = YES;
				CLANG_WARN_UNGUARDED_AVAILABILITY = YES_AGGRESSIVE;
				CLANG_WARN_UNREACHABLE_CODE = YES;
				CLANG_WARN__DUPLICATE_METHOD_MATCH = YES;
				COPY_PHASE_STRIP = NO;
				DEBUG_INFORMATION_FORMAT = "dwarf-with-dsym";
				ENABLE_NS_ASSERTIONS = NO;
				ENABLE_STRICT_OBJC_MSGSEND = YES;
				GCC_C_LANGUAGE_STANDARD = gnu11;
				GCC_NO_COMMON_BLOCKS = YES;
				GCC_WARN_64_TO_32_BIT_CONVERSION = YES;
				GCC_WARN_ABOUT_RETURN_TYPE = YES_ERROR;
				GCC_WARN_UNDECLARED_SELECTOR = YES;
				GCC_WARN_UNINITIALIZED_AUTOS = YES_AGGRESSIVE;
				GCC_WARN_UNUSED_FUNCTION = YES;
				GCC_WARN_UNUSED_VARIABLE = YES;
				IPHONEOS_DEPLOYMENT_TARGET = 16.4;
				MTL_ENABLE_DEBUG_INFO = NO;
				MTL_FAST_MATH = YES;
				SDKROOT = iphoneos;
				SWIFT_COMPILATION_MODE = wholemodule;
				SWIFT_OPTIMIZATION_LEVEL = "-O";
				VALIDATE_PRODUCT = YES;
			};
			name = Release;
		};
		FC0102832A0A03D10065F710 /* Debug */ = {
			isa = XCBuildConfiguration;
			buildSettings = {
				ASSETCATALOG_COMPILER_APPICON_NAME = AppIcon;
				ASSETCATALOG_COMPILER_GLOBAL_ACCENT_COLOR_NAME = AccentColor;
				CODE_SIGN_STYLE = Automatic;
				CURRENT_PROJECT_VERSION = 1;
				DEVELOPMENT_TEAM = J286DXAZ52;
				GENERATE_INFOPLIST_FILE = YES;
				INFOPLIST_FILE = Test/Info.plist;
				INFOPLIST_KEY_UIApplicationSupportsIndirectInputEvents = YES;
				INFOPLIST_KEY_UILaunchStoryboardName = LaunchScreen;
				INFOPLIST_KEY_UIMainStoryboardFile = Main;
				INFOPLIST_KEY_UISupportedInterfaceOrientations_iPad = "UIInterfaceOrientationPortrait UIInterfaceOrientationPortraitUpsideDown UIInterfaceOrientationLandscapeLeft UIInterfaceOrientationLandscapeRight";
				INFOPLIST_KEY_UISupportedInterfaceOrientations_iPhone = "UIInterfaceOrientationPortrait UIInterfaceOrientationLandscapeLeft UIInterfaceOrientationLandscapeRight";
				LD_RUNPATH_SEARCH_PATHS = (
					"$(inherited)",
					"@executable_path/Frameworks",
				);
				MARKETING_VERSION = 1.0;
				PRODUCT_BUNDLE_IDENTIFIER = test.Test;
				PRODUCT_NAME = "$(TARGET_NAME)";
				SWIFT_EMIT_LOC_STRINGS = YES;
				SWIFT_VERSION = 5.0;
				TARGETED_DEVICE_FAMILY = "1,2";
			};
			name = Debug;
		};
		FC0102842A0A03D10065F710 /* Release */ = {
			isa = XCBuildConfiguration;
			buildSettings = {
				ASSETCATALOG_COMPILER_APPICON_NAME = AppIcon;
				ASSETCATALOG_COMPILER_GLOBAL_ACCENT_COLOR_NAME = AccentColor;
				CODE_SIGN_STYLE = Automatic;
				CURRENT_PROJECT_VERSION = 1;
				DEVELOPMENT_TEAM = J286DXAZ52;
				GENERATE_INFOPLIST_FILE = YES;
				INFOPLIST_FILE = Test/Info.plist;
				INFOPLIST_KEY_UIApplicationSupportsIndirectInputEvents = YES;
				INFOPLIST_KEY_UILaunchStoryboardName = LaunchScreen;
				INFOPLIST_KEY_UIMainStoryboardFile = Main;
				INFOPLIST_KEY_UISupportedInterfaceOrientations_iPad = "UIInterfaceOrientationPortrait UIInterfaceOrientationPortraitUpsideDown UIInterfaceOrientationLandscapeLeft UIInterfaceOrientationLandscapeRight";
				INFOPLIST_KEY_UISupportedInterfaceOrientations_iPhone = "UIInterfaceOrientationPortrait UIInterfaceOrientationLandscapeLeft UIInterfaceOrientationLandscapeRight";
				LD_RUNPATH_SEARCH_PATHS = (
					"$(inherited)",
					"@executable_path/Frameworks",
				);
				MARKETING_VERSION = 1.0;
				PRODUCT_BUNDLE_IDENTIFIER = test.Test;
				PRODUCT_NAME = "$(TARGET_NAME)";
				SWIFT_EMIT_LOC_STRINGS = YES;
				SWIFT_VERSION = 5.0;
				TARGETED_DEVICE_FAMILY = "1,2";
			};
			name = Release;
		};
		FC0102862A0A03D10065F710 /* Debug */ = {
			isa = XCBuildConfiguration;
			buildSettings = {
				ALWAYS_EMBED_SWIFT_STANDARD_LIBRARIES = YES;
				BUNDLE_LOADER = "$(TEST_HOST)";
				CODE_SIGN_STYLE = Automatic;
				CURRENT_PROJECT_VERSION = 1;
				DEVELOPMENT_TEAM = J286DXAZ52;
				GENERATE_INFOPLIST_FILE = YES;
				IPHONEOS_DEPLOYMENT_TARGET = 16.4;
				MARKETING_VERSION = 1.0;
				PRODUCT_BUNDLE_IDENTIFIER = test.TestTests;
				PRODUCT_NAME = "$(TARGET_NAME)";
				SWIFT_EMIT_LOC_STRINGS = NO;
				SWIFT_VERSION = 5.0;
				TARGETED_DEVICE_FAMILY = "1,2";
				TEST_HOST = "$(BUILT_PRODUCTS_DIR)/Test.app/$(BUNDLE_EXECUTABLE_FOLDER_PATH)/Test";
			};
			name = Debug;
		};
		FC0102872A0A03D10065F710 /* Release */ = {
			isa = XCBuildConfiguration;
			buildSettings = {
				ALWAYS_EMBED_SWIFT_STANDARD_LIBRARIES = YES;
				BUNDLE_LOADER = "$(TEST_HOST)";
				CODE_SIGN_STYLE = Automatic;
				CURRENT_PROJECT_VERSION = 1;
				DEVELOPMENT_TEAM = J286DXAZ52;
				GENERATE_INFOPLIST_FILE = YES;
				IPHONEOS_DEPLOYMENT_TARGET = 16.4;
				MARKETING_VERSION = 1.0;
				PRODUCT_BUNDLE_IDENTIFIER = test.TestTests;
				PRODUCT_NAME = "$(TARGET_NAME)";
				SWIFT_EMIT_LOC_STRINGS = NO;
				SWIFT_VERSION = 5.0;
				TARGETED_DEVICE_FAMILY = "1,2";
				TEST_HOST = "$(BUILT_PRODUCTS_DIR)/Test.app/$(BUNDLE_EXECUTABLE_FOLDER_PATH)/Test";
			};
			name = Release;
		};
		FC0102892A0A03D10065F710 /* Debug */ = {
			isa = XCBuildConfiguration;
			buildSettings = {
				ALWAYS_EMBED_SWIFT_STANDARD_LIBRARIES = YES;
				CODE_SIGN_STYLE = Automatic;
				CURRENT_PROJECT_VERSION = 1;
				DEVELOPMENT_TEAM = J286DXAZ52;
				GENERATE_INFOPLIST_FILE = YES;
				MARKETING_VERSION = 1.0;
				PRODUCT_BUNDLE_IDENTIFIER = test.TestUITests;
				PRODUCT_NAME = "$(TARGET_NAME)";
				SWIFT_EMIT_LOC_STRINGS = NO;
				SWIFT_VERSION = 5.0;
				TARGETED_DEVICE_FAMILY = "1,2";
				TEST_TARGET_NAME = Test;
			};
			name = Debug;
		};
		FC01028A2A0A03D10065F710 /* Release */ = {
			isa = XCBuildConfiguration;
			buildSettings = {
				ALWAYS_EMBED_SWIFT_STANDARD_LIBRARIES = YES;
				CODE_SIGN_STYLE = Automatic;
				CURRENT_PROJECT_VERSION = 1;
				DEVELOPMENT_TEAM = J286DXAZ52;
				GENERATE_INFOPLIST_FILE = YES;
				MARKETING_VERSION = 1.0;
				PRODUCT_BUNDLE_IDENTIFIER = test.TestUITests;
				PRODUCT_NAME = "$(TARGET_NAME)";
				SWIFT_EMIT_LOC_STRINGS = NO;
				SWIFT_VERSION = 5.0;
				TARGETED_DEVICE_FAMILY = "1,2";
				TEST_TARGET_NAME = Test;
			};
			name = Release;
		};
/* End XCBuildConfiguration section */

/* Begin XCConfigurationList section */
		FC0102532A0A03CF0065F710 /* Build configuration list for PBXProject "Test" */ = {
			isa = XCConfigurationList;
			buildConfigurations = (
				FC0102802A0A03D10065F710 /* Debug */,
				FC0102812A0A03D10065F710 /* Release */,
			);
			defaultConfigurationIsVisible = 0;
			defaultConfigurationName = Release;
		};
		FC0102822A0A03D10065F710 /* Build configuration list for PBXNativeTarget "Test" */ = {
			isa = XCConfigurationList;
			buildConfigurations = (
				FC0102832A0A03D10065F710 /* Debug */,
				FC0102842A0A03D10065F710 /* Release */,
			);
			defaultConfigurationIsVisible = 0;
			defaultConfigurationName = Release;
		};
		FC0102852A0A03D10065F710 /* Build configuration list for PBXNativeTarget "TestTests" */ = {
			isa = XCConfigurationList;
			buildConfigurations = (
				FC0102862A0A03D10065F710 /* Debug */,
				FC0102872A0A03D10065F710 /* Release */,
			);
			defaultConfigurationIsVisible = 0;
			defaultConfigurationName = Release;
		};
		FC0102882A0A03D10065F710 /* Build configuration list for PBXNativeTarget "TestUITests" */ = {
			isa = XCConfigurationList;
			buildConfigurations = (
				FC0102892A0A03D10065F710 /* Debug */,
				FC01028A2A0A03D10065F710 /* Release */,
			);
			defaultConfigurationIsVisible = 0;
			defaultConfigurationName = Release;
		};
/* End XCConfigurationList section */
	};
	rootObject = FC0102502A0A03CF0065F710 /* Project object */;
}
